
Microsoft Visual Studio Solution File, Format Version 12.00
# Visual Studio Version 17
VisualStudioVersion = 17.1.32210.238
MinimumVisualStudioVersion = 10.0.40219.1
Project("{9A19103F-16F7-4668-BE54-9A1E7A4F7556}") = "Bugporter.API", "Bugporter.API\Bugporter.API.csproj", "{7057D6E1-12B3-4AB5-B50E-D6845DCC5D74}"
EndProject
Project("{9A19103F-16F7-4668-BE54-9A1E7A4F7556}") = "Bugporter.Client", "Bugporter.Client\Bugporter.Client.csproj", "{5FBA66A4-F62A-4428-9D58-12B5691D2F1C}"
EndProject
Project("{FAE04EC0-301F-11D3-BF4B-00C04F79EFBC}") = "Bugporter.Core", "Bugporter.Core\Bugporter.Core.csproj", "{42C173EB-666F-43A1-B711-A194BCC0B0CE}"
EndProject
Global
	GlobalSection(SolutionConfigurationPlatforms) = preSolution
		Debug|Any CPU = Debug|Any CPU
		Release|Any CPU = Release|Any CPU
	EndGlobalSection
	GlobalSection(ProjectConfigurationPlatforms) = postSolution
		{7057D6E1-12B3-4AB5-B50E-D6845DCC5D74}.Debug|Any CPU.ActiveCfg = Debug|Any CPU
		{7057D6E1-12B3-4AB5-B50E-D6845DCC5D74}.Debug|Any CPU.Build.0 = Debug|Any CPU
		{7057D6E1-12B3-4AB5-B50E-D6845DCC5D74}.Release|Any CPU.ActiveCfg = Release|Any CPU
		{7057D6E1-12B3-4AB5-B50E-D6845DCC5D74}.Release|Any CPU.Build.0 = Release|Any CPU
		{5FBA66A4-F62A-4428-9D58-12B5691D2F1C}.Debug|Any CPU.ActiveCfg = Debug|Any CPU
		{5FBA66A4-F62A-4428-9D58-12B5691D2F1C}.Debug|Any CPU.Build.0 = Debug|Any CPU
		{5FBA66A4-F62A-4428-9D58-12B5691D2F1C}.Debug|Any CPU.Deploy.0 = Debug|Any CPU
		{5FBA66A4-F62A-4428-9D58-12B5691D2F1C}.Release|Any CPU.ActiveCfg = Release|Any CPU
		{5FBA66A4-F62A-4428-9D58-12B5691D2F1C}.Release|Any CPU.Build.0 = Release|Any CPU
		{5FBA66A4-F62A-4428-9D58-12B5691D2F1C}.Release|Any CPU.Deploy.0 = Release|Any CPU
		{42C173EB-666F-43A1-B711-A194BCC0B0CE}.Debug|Any CPU.ActiveCfg = Debug|Any CPU
		{42C173EB-666F-43A1-B711-A194BCC0B0CE}.Debug|Any CPU.Build.0 = Debug|Any CPU
		{42C173EB-666F-43A1-B711-A194BCC0B0CE}.Release|Any CPU.ActiveCfg = Release|Any CPU
		{42C173EB-666F-43A1-B711-A194BCC0B0CE}.Release|Any CPU.Build.0 = Release|Any CPU
	EndGlobalSection
	GlobalSection(SolutionProperties) = preSolution
		HideSolutionNode = FALSE
	EndGlobalSection
	GlobalSection(ExtensibilityGlobals) = postSolution
		SolutionGuid = {90004997-2351-41F2-8AE4-A5FDDFDB15B1}
	EndGlobalSection
EndGlobal
